
Microsoft Visual Studio Solution File, Format Version 12.00
# Visual Studio 15
VisualStudioVersion = 15.0.27428.2015
MinimumVisualStudioVersion = 10.0.40219.1
Project("{FAE04EC0-301F-11D3-BF4B-00C04F79EFBC}") = "LandmarkAI", "LandmarkAI\LandmarkAI.csproj", "{DC4CF8EF-F8DF-4BEF-B80D-EC12AA633549}"
EndProject
Global
	GlobalSection(SolutionConfigurationPlatforms) = preSolution
		Debug|Any CPU = Debug|Any CPU
		Release|Any CPU = Release|Any CPU
	EndGlobalSection
	GlobalSection(ProjectConfigurationPlatforms) = postSolution
		{DC4CF8EF-F8DF-4BEF-B80D-EC12AA633549}.Debug|Any CPU.ActiveCfg = Debug|Any CPU
		{DC4CF8EF-F8DF-4BEF-B80D-EC12AA633549}.Debug|Any CPU.Build.0 = Debug|Any CPU
		{DC4CF8EF-F8DF-4BEF-B80D-EC12AA633549}.Release|Any CPU.ActiveCfg = Release|Any CPU
		{DC4CF8EF-F8DF-4BEF-B80D-EC12AA633549}.Release|Any CPU.Build.0 = Release|Any CPU
	EndGlobalSection
	GlobalSection(SolutionProperties) = preSolution
		HideSolutionNode = FALSE
	EndGlobalSection
	GlobalSection(ExtensibilityGlobals) = postSolution
		SolutionGuid = {0FA1E679-C50A-48F2-906E-8FE552E789FA}
	EndGlobalSection
EndGlobal
